// !$*UTF8*$!
{
	archiveVersion = 1;
	classes = {
	};
	objectVersion = 48;
	objects = {

/* Begin PBXBuildFile section */
		C9B483A23F7D4270ADD10674 /* libPods-ToolClass.a in Frameworks */ = {isa = PBXBuildFile; fileRef = 692B7ECAE051AC7231B2FC0D /* libPods-ToolClass.a */; };
		FF0971F620B697CC00C7BC8E /* UIColor+Extension.m in Sources */ = {isa = PBXBuildFile; fileRef = FF0971F520B697CC00C7BC8E /* UIColor+Extension.m */; };
		FF0971F920B69A1A00C7BC8E /* UITextField+Extension.m in Sources */ = {isa = PBXBuildFile; fileRef = FF0971F820B69A1A00C7BC8E /* UITextField+Extension.m */; };
		FF0971FC20B69A2B00C7BC8E /* UIImage+Extension.m in Sources */ = {isa = PBXBuildFile; fileRef = FF0971FA20B69A2A00C7BC8E /* UIImage+Extension.m */; };
		FF0971FF20B69A6C00C7BC8E /* UIBarButtonItem+Extension.m in Sources */ = {isa = PBXBuildFile; fileRef = FF0971FE20B69A6C00C7BC8E /* UIBarButtonItem+Extension.m */; };
		FF09720220B69A7A00C7BC8E /* NSString+Extension.m in Sources */ = {isa = PBXBuildFile; fileRef = FF09720120B69A7A00C7BC8E /* NSString+Extension.m */; };
		FF09720520B69A8C00C7BC8E /* NSDate+Extension.m in Sources */ = {isa = PBXBuildFile; fileRef = FF09720320B69A8C00C7BC8E /* NSDate+Extension.m */; };
		FF09720820B69A9A00C7BC8E /* NSDictionary+Extension.m in Sources */ = {isa = PBXBuildFile; fileRef = FF09720720B69A9A00C7BC8E /* NSDictionary+Extension.m */; };
		FF09720B20B69AA700C7BC8E /* NSObject+Extension.m in Sources */ = {isa = PBXBuildFile; fileRef = FF09720920B69AA600C7BC8E /* NSObject+Extension.m */; };
		FF09720E20B69AC100C7BC8E /* UIView+Extension.m in Sources */ = {isa = PBXBuildFile; fileRef = FF09720C20B69AC100C7BC8E /* UIView+Extension.m */; };
		FF09721120B6A18D00C7BC8E /* MZJson.m in Sources */ = {isa = PBXBuildFile; fileRef = FF09721020B6A18D00C7BC8E /* MZJson.m */; };
		FF64C2682109B37700A666DE /* GJDemoListViewController.m in Sources */ = {isa = PBXBuildFile; fileRef = FF64C2672109B37700A666DE /* GJDemoListViewController.m */; };
		FF64C26B2109B4D000A666DE /* GJDemoBaseViewController.m in Sources */ = {isa = PBXBuildFile; fileRef = FF64C26A2109B4D000A666DE /* GJDemoBaseViewController.m */; };
		FF64C26E2109B7BE00A666DE /* GJLabelView.m in Sources */ = {isa = PBXBuildFile; fileRef = FF64C26D2109B7BE00A666DE /* GJLabelView.m */; };
		FF72DC62210B1D4300B3C8F2 /* TestModel.m in Sources */ = {isa = PBXBuildFile; fileRef = FF72DC60210B1D4300B3C8F2 /* TestModel.m */; };
		FF8E37F22101B1B9000DA657 /* player_mini_pause@2x.png in Resources */ = {isa = PBXBuildFile; fileRef = FF8E37F12101B1B9000DA657 /* player_mini_pause@2x.png */; };
		FFA744FA20AD74FD0010E114 /* AppDelegate.m in Sources */ = {isa = PBXBuildFile; fileRef = FFA744F920AD74FD0010E114 /* AppDelegate.m */; };
		FFA744FD20AD74FD0010E114 /* ViewController.m in Sources */ = {isa = PBXBuildFile; fileRef = FFA744FC20AD74FD0010E114 /* ViewController.m */; };
		FFA7450020AD74FD0010E114 /* Main.storyboard in Resources */ = {isa = PBXBuildFile; fileRef = FFA744FE20AD74FD0010E114 /* Main.storyboard */; };
		FFA7450220AD74FD0010E114 /* Assets.xcassets in Resources */ = {isa = PBXBuildFile; fileRef = FFA7450120AD74FD0010E114 /* Assets.xcassets */; };
		FFA7450520AD74FD0010E114 /* LaunchScreen.storyboard in Resources */ = {isa = PBXBuildFile; fileRef = FFA7450320AD74FD0010E114 /* LaunchScreen.storyboard */; };
		FFA7450820AD74FD0010E114 /* main.m in Sources */ = {isa = PBXBuildFile; fileRef = FFA7450720AD74FD0010E114 /* main.m */; };
		FFA7451220AD74FD0010E114 /* ToolClassTests.m in Sources */ = {isa = PBXBuildFile; fileRef = FFA7451120AD74FD0010E114 /* ToolClassTests.m */; };
		FFA7451D20AD74FD0010E114 /* ToolClassUITests.m in Sources */ = {isa = PBXBuildFile; fileRef = FFA7451C20AD74FD0010E114 /* ToolClassUITests.m */; };
		FFA7452F20AD75EC0010E114 /* CustomScrollView.m in Sources */ = {isa = PBXBuildFile; fileRef = FFA7452E20AD75EC0010E114 /* CustomScrollView.m */; };
		FFBA3A8F20F4956700244C13 /* DSBaseModel.m in Sources */ = {isa = PBXBuildFile; fileRef = FFBA3A8C20F4956600244C13 /* DSBaseModel.m */; };
		FFBA3A9020F4956700244C13 /* DSFetchModelProperty.m in Sources */ = {isa = PBXBuildFile; fileRef = FFBA3A8E20F4956600244C13 /* DSFetchModelProperty.m */; };
		FFBA3A9420F495C900244C13 /* MRZTestArrayModel.m in Sources */ = {isa = PBXBuildFile; fileRef = FFBA3A9320F495C900244C13 /* MRZTestArrayModel.m */; };
		FFBA3A9820F4984800244C13 /* MRZJsonToModelViewController.m in Sources */ = {isa = PBXBuildFile; fileRef = FFBA3A9720F4984800244C13 /* MRZJsonToModelViewController.m */; };
		FFC4E7B821BE178900F1ED72 /* UIView+Toast.m in Sources */ = {isa = PBXBuildFile; fileRef = FFC4E7B621BE178800F1ED72 /* UIView+Toast.m */; };
		FFC4E7BE21BE54BD00F1ED72 /* MZUtilsClass.m in Sources */ = {isa = PBXBuildFile; fileRef = FFC4E7BD21BE54BD00F1ED72 /* MZUtilsClass.m */; };
		FFC4E7C121BE631100F1ED72 /* ZGKeychainTool.m in Sources */ = {isa = PBXBuildFile; fileRef = FFC4E7C021BE631000F1ED72 /* ZGKeychainTool.m */; };
		FFCB3DF8210038FB00660120 /* MRZQuartzViewController.m in Sources */ = {isa = PBXBuildFile; fileRef = FFCB3DF7210038FB00660120 /* MRZQuartzViewController.m */; };
		FFCB3DFB2100396400660120 /* FillingView.m in Sources */ = {isa = PBXBuildFile; fileRef = FFCB3DFA2100396400660120 /* FillingView.m */; };
		FFCC63C72122AE3600BB913B /* UIButton+Runtime.m in Sources */ = {isa = PBXBuildFile; fileRef = FFCC63C62122AE3600BB913B /* UIButton+Runtime.m */; };
		FFD43109211D3E63009B3598 /* GJViewView.m in Sources */ = {isa = PBXBuildFile; fileRef = FFD43108211D3E63009B3598 /* GJViewView.m */; };
		FFD4310C211D8D32009B3598 /* GJViewTwoView.m in Sources */ = {isa = PBXBuildFile; fileRef = FFD4310B211D8D32009B3598 /* GJViewTwoView.m */; };
		FFD78B6F20F2FC7400DA2471 /* MRZUIScrollViewViewcontroller.m in Sources */ = {isa = PBXBuildFile; fileRef = FFD78B6E20F2FC7400DA2471 /* MRZUIScrollViewViewcontroller.m */; };
		FFD78B7520F2FED700DA2471 /* MRZUICollectionViewController.m in Sources */ = {isa = PBXBuildFile; fileRef = FFD78B7420F2FED700DA2471 /* MRZUICollectionViewController.m */; };
		FFD79A6021184117002D975A /* GJRunTimeViewController.m in Sources */ = {isa = PBXBuildFile; fileRef = FFD79A5F21184117002D975A /* GJRunTimeViewController.m */; };
		FFD79A632118415C002D975A /* UIViewController+Swizzling.m in Sources */ = {isa = PBXBuildFile; fileRef = FFD79A622118415C002D975A /* UIViewController+Swizzling.m */; };
		FFD79A66211841AC002D975A /* NSObject+Swizzling.m in Sources */ = {isa = PBXBuildFile; fileRef = FFD79A65211841AC002D975A /* NSObject+Swizzling.m */; };
		FFDAA0A321C34C8A00453B8D /* UIButton+LZCategory.m in Sources */ = {isa = PBXBuildFile; fileRef = FFDAA0A221C34C8A00453B8D /* UIButton+LZCategory.m */; };
		FFDAA0A521C34FE800453B8D /* test3.png in Resources */ = {isa = PBXBuildFile; fileRef = FFDAA0A421C34FE800453B8D /* test3.png */; };
		FFE574BE21C25F600092ED4B /* CustomPopOverView.m in Sources */ = {isa = PBXBuildFile; fileRef = FFE574BC21C25F5F0092ED4B /* CustomPopOverView.m */; };
		FFE574C121C25FE00092ED4B /* HCSStarRatingView.m in Sources */ = {isa = PBXBuildFile; fileRef = FFE574BF21C25FE00092ED4B /* HCSStarRatingView.m */; };
		FFE574C621C2605B0092ED4B /* BAUISlider.m in Sources */ = {isa = PBXBuildFile; fileRef = FFE574C521C2605A0092ED4B /* BAUISlider.m */; };
		FFE86FCE211939E4008EA0BB /* UIView+StringTag.m in Sources */ = {isa = PBXBuildFile; fileRef = FFE86FCD211939E4008EA0BB /* UIView+StringTag.m */; };
		FFE86FD1211999C9008EA0BB /* GJButtonView.m in Sources */ = {isa = PBXBuildFile; fileRef = FFE86FD0211999C9008EA0BB /* GJButtonView.m */; };
		FFE86FD321199A8D008EA0BB /* test.png in Resources */ = {isa = PBXBuildFile; fileRef = FFE86FD221199A8D008EA0BB /* test.png */; };
		FFE86FD521199DF6008EA0BB /* test2.png in Resources */ = {isa = PBXBuildFile; fileRef = FFE86FD421199DF6008EA0BB /* test2.png */; };
		FFEB4C552106D44600F553CC /* testImage.png in Resources */ = {isa = PBXBuildFile; fileRef = FFEB4C542106D44500F553CC /* testImage.png */; };
		FFEF6B3520F75763004A5E34 /* XLXButton.m in Sources */ = {isa = PBXBuildFile; fileRef = FFEF6B3420F75763004A5E34 /* XLXButton.m */; };
		FFF39E6121BF5A4B00D00269 /* NSFileManager+Extension.m in Sources */ = {isa = PBXBuildFile; fileRef = FFF39E6021BF5A4B00D00269 /* NSFileManager+Extension.m */; };
/* End PBXBuildFile section */

/* Begin PBXContainerItemProxy section */
		FFA7450E20AD74FD0010E114 /* PBXContainerItemProxy */ = {
			isa = PBXContainerItemProxy;
			containerPortal = FFA744ED20AD74FD0010E114 /* Project object */;
			proxyType = 1;
			remoteGlobalIDString = FFA744F420AD74FD0010E114;
			remoteInfo = ToolClass;
		};
		FFA7451920AD74FD0010E114 /* PBXContainerItemProxy */ = {
			isa = PBXContainerItemProxy;
			containerPortal = FFA744ED20AD74FD0010E114 /* Project object */;
			proxyType = 1;
			remoteGlobalIDString = FFA744F420AD74FD0010E114;
			remoteInfo = ToolClass;
		};
/* End PBXContainerItemProxy section */

/* Begin PBXFileReference section */
		1F8F8DF4DCFA666E58227DDF /* Pods-ToolClass.release.xcconfig */ = {isa = PBXFileReference; includeInIndex = 1; lastKnownFileType = text.xcconfig; name = "Pods-ToolClass.release.xcconfig"; path = "Pods/Target Support Files/Pods-ToolClass/Pods-ToolClass.release.xcconfig"; sourceTree = "<group>"; };
		692B7ECAE051AC7231B2FC0D /* libPods-ToolClass.a */ = {isa = PBXFileReference; explicitFileType = archive.ar; includeInIndex = 0; path = "libPods-ToolClass.a"; sourceTree = BUILT_PRODUCTS_DIR; };
		93F82DBE3FA224A48487E1E4 /* Pods-ToolClass.debug.xcconfig */ = {isa = PBXFileReference; includeInIndex = 1; lastKnownFileType = text.xcconfig; name = "Pods-ToolClass.debug.xcconfig"; path = "Pods/Target Support Files/Pods-ToolClass/Pods-ToolClass.debug.xcconfig"; sourceTree = "<group>"; };
		FF0971F420B697CC00C7BC8E /* UIColor+Extension.h */ = {isa = PBXFileReference; fileEncoding = 4; lastKnownFileType = sourcecode.c.h; path = "UIColor+Extension.h"; sourceTree = "<group>"; };
		FF0971F520B697CC00C7BC8E /* UIColor+Extension.m */ = {isa = PBXFileReference; fileEncoding = 4; lastKnownFileType = sourcecode.c.objc; path = "UIColor+Extension.m"; sourceTree = "<group>"; };
		FF0971F720B69A1A00C7BC8E /* UITextField+Extension.h */ = {isa = PBXFileReference; fileEncoding = 4; lastKnownFileType = sourcecode.c.h; path = "UITextField+Extension.h"; sourceTree = "<group>"; };
		FF0971F820B69A1A00C7BC8E /* UITextField+Extension.m */ = {isa = PBXFileReference; fileEncoding = 4; lastKnownFileType = sourcecode.c.objc; path = "UITextField+Extension.m"; sourceTree = "<group>"; };
		FF0971FA20B69A2A00C7BC8E /* UIImage+Extension.m */ = {isa = PBXFileReference; fileEncoding = 4; lastKnownFileType = sourcecode.c.objc; path = "UIImage+Extension.m"; sourceTree = "<group>"; };
		FF0971FB20B69A2A00C7BC8E /* UIImage+Extension.h */ = {isa = PBXFileReference; fileEncoding = 4; lastKnownFileType = sourcecode.c.h; path = "UIImage+Extension.h"; sourceTree = "<group>"; };
		FF0971FD20B69A6C00C7BC8E /* UIBarButtonItem+Extension.h */ = {isa = PBXFileReference; fileEncoding = 4; lastKnownFileType = sourcecode.c.h; path = "UIBarButtonItem+Extension.h"; sourceTree = "<group>"; };
		FF0971FE20B69A6C00C7BC8E /* UIBarButtonItem+Extension.m */ = {isa = PBXFileReference; fileEncoding = 4; lastKnownFileType = sourcecode.c.objc; path = "UIBarButtonItem+Extension.m"; sourceTree = "<group>"; };
		FF09720020B69A7A00C7BC8E /* NSString+Extension.h */ = {isa = PBXFileReference; fileEncoding = 4; lastKnownFileType = sourcecode.c.h; path = "NSString+Extension.h"; sourceTree = "<group>"; };
		FF09720120B69A7A00C7BC8E /* NSString+Extension.m */ = {isa = PBXFileReference; fileEncoding = 4; lastKnownFileType = sourcecode.c.objc; path = "NSString+Extension.m"; sourceTree = "<group>"; };
		FF09720320B69A8C00C7BC8E /* NSDate+Extension.m */ = {isa = PBXFileReference; fileEncoding = 4; lastKnownFileType = sourcecode.c.objc; path = "NSDate+Extension.m"; sourceTree = "<group>"; };
		FF09720420B69A8C00C7BC8E /* NSDate+Extension.h */ = {isa = PBXFileReference; fileEncoding = 4; lastKnownFileType = sourcecode.c.h; path = "NSDate+Extension.h"; sourceTree = "<group>"; };
		FF09720620B69A9A00C7BC8E /* NSDictionary+Extension.h */ = {isa = PBXFileReference; fileEncoding = 4; lastKnownFileType = sourcecode.c.h; path = "NSDictionary+Extension.h"; sourceTree = "<group>"; };
		FF09720720B69A9A00C7BC8E /* NSDictionary+Extension.m */ = {isa = PBXFileReference; fileEncoding = 4; lastKnownFileType = sourcecode.c.objc; path = "NSDictionary+Extension.m"; sourceTree = "<group>"; };
		FF09720920B69AA600C7BC8E /* NSObject+Extension.m */ = {isa = PBXFileReference; fileEncoding = 4; lastKnownFileType = sourcecode.c.objc; path = "NSObject+Extension.m"; sourceTree = "<group>"; };
		FF09720A20B69AA600C7BC8E /* NSObject+Extension.h */ = {isa = PBXFileReference; fileEncoding = 4; lastKnownFileType = sourcecode.c.h; path = "NSObject+Extension.h"; sourceTree = "<group>"; };
		FF09720C20B69AC100C7BC8E /* UIView+Extension.m */ = {isa = PBXFileReference; fileEncoding = 4; lastKnownFileType = sourcecode.c.objc; path = "UIView+Extension.m"; sourceTree = "<group>"; };
		FF09720D20B69AC100C7BC8E /* UIView+Extension.h */ = {isa = PBXFileReference; fileEncoding = 4; lastKnownFileType = sourcecode.c.h; path = "UIView+Extension.h"; sourceTree = "<group>"; };
		FF09720F20B6A18D00C7BC8E /* MZJson.h */ = {isa = PBXFileReference; lastKnownFileType = sourcecode.c.h; path = MZJson.h; sourceTree = "<group>"; };
		FF09721020B6A18D00C7BC8E /* MZJson.m */ = {isa = PBXFileReference; lastKnownFileType = sourcecode.c.objc; path = MZJson.m; sourceTree = "<group>"; };
		FF64C2662109B37700A666DE /* GJDemoListViewController.h */ = {isa = PBXFileReference; lastKnownFileType = sourcecode.c.h; path = GJDemoListViewController.h; sourceTree = "<group>"; };
		FF64C2672109B37700A666DE /* GJDemoListViewController.m */ = {isa = PBXFileReference; lastKnownFileType = sourcecode.c.objc; path = GJDemoListViewController.m; sourceTree = "<group>"; };
		FF64C2692109B4D000A666DE /* GJDemoBaseViewController.h */ = {isa = PBXFileReference; lastKnownFileType = sourcecode.c.h; path = GJDemoBaseViewController.h; sourceTree = "<group>"; };
		FF64C26A2109B4D000A666DE /* GJDemoBaseViewController.m */ = {isa = PBXFileReference; lastKnownFileType = sourcecode.c.objc; path = GJDemoBaseViewController.m; sourceTree = "<group>"; };
		FF64C26C2109B7BE00A666DE /* GJLabelView.h */ = {isa = PBXFileReference; lastKnownFileType = sourcecode.c.h; path = GJLabelView.h; sourceTree = "<group>"; };
		FF64C26D2109B7BE00A666DE /* GJLabelView.m */ = {isa = PBXFileReference; lastKnownFileType = sourcecode.c.objc; path = GJLabelView.m; sourceTree = "<group>"; };
		FF72DC60210B1D4300B3C8F2 /* TestModel.m */ = {isa = PBXFileReference; fileEncoding = 4; lastKnownFileType = sourcecode.c.objc; path = TestModel.m; sourceTree = "<group>"; };
		FF72DC61210B1D4300B3C8F2 /* TestModel.h */ = {isa = PBXFileReference; fileEncoding = 4; lastKnownFileType = sourcecode.c.h; path = TestModel.h; sourceTree = "<group>"; };
		FF8E37F12101B1B9000DA657 /* player_mini_pause@2x.png */ = {isa = PBXFileReference; lastKnownFileType = image.png; path = "player_mini_pause@2x.png"; sourceTree = "<group>"; };
		FFA744F520AD74FD0010E114 /* ToolClass.app */ = {isa = PBXFileReference; explicitFileType = wrapper.application; includeInIndex = 0; path = ToolClass.app; sourceTree = BUILT_PRODUCTS_DIR; };
		FFA744F820AD74FD0010E114 /* AppDelegate.h */ = {isa = PBXFileReference; lastKnownFileType = sourcecode.c.h; path = AppDelegate.h; sourceTree = "<group>"; };
		FFA744F920AD74FD0010E114 /* AppDelegate.m */ = {isa = PBXFileReference; lastKnownFileType = sourcecode.c.objc; path = AppDelegate.m; sourceTree = "<group>"; };
		FFA744FB20AD74FD0010E114 /* ViewController.h */ = {isa = PBXFileReference; lastKnownFileType = sourcecode.c.h; path = ViewController.h; sourceTree = "<group>"; };
		FFA744FC20AD74FD0010E114 /* ViewController.m */ = {isa = PBXFileReference; lastKnownFileType = sourcecode.c.objc; path = ViewController.m; sourceTree = "<group>"; };
		FFA744FF20AD74FD0010E114 /* Base */ = {isa = PBXFileReference; lastKnownFileType = file.storyboard; name = Base; path = Base.lproj/Main.storyboard; sourceTree = "<group>"; };
		FFA7450120AD74FD0010E114 /* Assets.xcassets */ = {isa = PBXFileReference; lastKnownFileType = folder.assetcatalog; path = Assets.xcassets; sourceTree = "<group>"; };
		FFA7450420AD74FD0010E114 /* Base */ = {isa = PBXFileReference; lastKnownFileType = file.storyboard; name = Base; path = Base.lproj/LaunchScreen.storyboard; sourceTree = "<group>"; };
		FFA7450620AD74FD0010E114 /* Info.plist */ = {isa = PBXFileReference; lastKnownFileType = text.plist.xml; path = Info.plist; sourceTree = "<group>"; };
		FFA7450720AD74FD0010E114 /* main.m */ = {isa = PBXFileReference; lastKnownFileType = sourcecode.c.objc; path = main.m; sourceTree = "<group>"; };
		FFA7450D20AD74FD0010E114 /* ToolClassTests.xctest */ = {isa = PBXFileReference; explicitFileType = wrapper.cfbundle; includeInIndex = 0; path = ToolClassTests.xctest; sourceTree = BUILT_PRODUCTS_DIR; };
		FFA7451120AD74FD0010E114 /* ToolClassTests.m */ = {isa = PBXFileReference; lastKnownFileType = sourcecode.c.objc; path = ToolClassTests.m; sourceTree = "<group>"; };
		FFA7451320AD74FD0010E114 /* Info.plist */ = {isa = PBXFileReference; lastKnownFileType = text.plist.xml; path = Info.plist; sourceTree = "<group>"; };
		FFA7451820AD74FD0010E114 /* ToolClassUITests.xctest */ = {isa = PBXFileReference; explicitFileType = wrapper.cfbundle; includeInIndex = 0; path = ToolClassUITests.xctest; sourceTree = BUILT_PRODUCTS_DIR; };
		FFA7451C20AD74FD0010E114 /* ToolClassUITests.m */ = {isa = PBXFileReference; lastKnownFileType = sourcecode.c.objc; path = ToolClassUITests.m; sourceTree = "<group>"; };
		FFA7451E20AD74FD0010E114 /* Info.plist */ = {isa = PBXFileReference; lastKnownFileType = text.plist.xml; path = Info.plist; sourceTree = "<group>"; };
		FFA7452A20AD75500010E114 /* ToolClass_PrefixHeader.pch */ = {isa = PBXFileReference; lastKnownFileType = sourcecode.c.h; path = ToolClass_PrefixHeader.pch; sourceTree = "<group>"; };
		FFA7452B20AD75CB0010E114 /* Define.h */ = {isa = PBXFileReference; fileEncoding = 4; lastKnownFileType = sourcecode.c.h; path = Define.h; sourceTree = "<group>"; };
		FFA7452D20AD75EC0010E114 /* CustomScrollView.h */ = {isa = PBXFileReference; fileEncoding = 4; lastKnownFileType = sourcecode.c.h; path = CustomScrollView.h; sourceTree = "<group>"; };
		FFA7452E20AD75EC0010E114 /* CustomScrollView.m */ = {isa = PBXFileReference; fileEncoding = 4; lastKnownFileType = sourcecode.c.objc; path = CustomScrollView.m; sourceTree = "<group>"; };
		FFA7453120AD80E60010E114 /* AudioStudy.h */ = {isa = PBXFileReference; fileEncoding = 4; lastKnownFileType = sourcecode.c.h; path = AudioStudy.h; sourceTree = "<group>"; };
		FFBA3A8B20F4956600244C13 /* DSBaseModel.h */ = {isa = PBXFileReference; fileEncoding = 4; lastKnownFileType = sourcecode.c.h; path = DSBaseModel.h; sourceTree = "<group>"; };
		FFBA3A8C20F4956600244C13 /* DSBaseModel.m */ = {isa = PBXFileReference; fileEncoding = 4; lastKnownFileType = sourcecode.c.objc; path = DSBaseModel.m; sourceTree = "<group>"; };
		FFBA3A8D20F4956600244C13 /* DSFetchModelProperty.h */ = {isa = PBXFileReference; fileEncoding = 4; lastKnownFileType = sourcecode.c.h; path = DSFetchModelProperty.h; sourceTree = "<group>"; };
		FFBA3A8E20F4956600244C13 /* DSFetchModelProperty.m */ = {isa = PBXFileReference; fileEncoding = 4; lastKnownFileType = sourcecode.c.objc; path = DSFetchModelProperty.m; sourceTree = "<group>"; };
		FFBA3A9220F495C900244C13 /* MRZTestArrayModel.h */ = {isa = PBXFileReference; lastKnownFileType = sourcecode.c.h; path = MRZTestArrayModel.h; sourceTree = "<group>"; };
		FFBA3A9320F495C900244C13 /* MRZTestArrayModel.m */ = {isa = PBXFileReference; lastKnownFileType = sourcecode.c.objc; path = MRZTestArrayModel.m; sourceTree = "<group>"; };
		FFBA3A9620F4984800244C13 /* MRZJsonToModelViewController.h */ = {isa = PBXFileReference; lastKnownFileType = sourcecode.c.h; path = MRZJsonToModelViewController.h; sourceTree = "<group>"; };
		FFBA3A9720F4984800244C13 /* MRZJsonToModelViewController.m */ = {isa = PBXFileReference; lastKnownFileType = sourcecode.c.objc; path = MRZJsonToModelViewController.m; sourceTree = "<group>"; };
		FFC4E7B621BE178800F1ED72 /* UIView+Toast.m */ = {isa = PBXFileReference; fileEncoding = 4; lastKnownFileType = sourcecode.c.objc; path = "UIView+Toast.m"; sourceTree = "<group>"; };
		FFC4E7B721BE178900F1ED72 /* UIView+Toast.h */ = {isa = PBXFileReference; fileEncoding = 4; lastKnownFileType = sourcecode.c.h; path = "UIView+Toast.h"; sourceTree = "<group>"; };
		FFC4E7BC21BE54BD00F1ED72 /* MZUtilsClass.h */ = {isa = PBXFileReference; lastKnownFileType = sourcecode.c.h; path = MZUtilsClass.h; sourceTree = "<group>"; };
		FFC4E7BD21BE54BD00F1ED72 /* MZUtilsClass.m */ = {isa = PBXFileReference; lastKnownFileType = sourcecode.c.objc; path = MZUtilsClass.m; sourceTree = "<group>"; };
		FFC4E7BF21BE631000F1ED72 /* ZGKeychainTool.h */ = {isa = PBXFileReference; fileEncoding = 4; lastKnownFileType = sourcecode.c.h; path = ZGKeychainTool.h; sourceTree = "<group>"; };
		FFC4E7C021BE631000F1ED72 /* ZGKeychainTool.m */ = {isa = PBXFileReference; fileEncoding = 4; lastKnownFileType = sourcecode.c.objc; path = ZGKeychainTool.m; sourceTree = "<group>"; };
		FFCB3DF6210038FB00660120 /* MRZQuartzViewController.h */ = {isa = PBXFileReference; lastKnownFileType = sourcecode.c.h; path = MRZQuartzViewController.h; sourceTree = "<group>"; };
		FFCB3DF7210038FB00660120 /* MRZQuartzViewController.m */ = {isa = PBXFileReference; lastKnownFileType = sourcecode.c.objc; path = MRZQuartzViewController.m; sourceTree = "<group>"; };
		FFCB3DF92100396400660120 /* FillingView.h */ = {isa = PBXFileReference; lastKnownFileType = sourcecode.c.h; path = FillingView.h; sourceTree = "<group>"; };
		FFCB3DFA2100396400660120 /* FillingView.m */ = {isa = PBXFileReference; lastKnownFileType = sourcecode.c.objc; path = FillingView.m; sourceTree = "<group>"; };
		FFCC63C52122AE3600BB913B /* UIButton+Runtime.h */ = {isa = PBXFileReference; lastKnownFileType = sourcecode.c.h; path = "UIButton+Runtime.h"; sourceTree = "<group>"; };
		FFCC63C62122AE3600BB913B /* UIButton+Runtime.m */ = {isa = PBXFileReference; lastKnownFileType = sourcecode.c.objc; path = "UIButton+Runtime.m"; sourceTree = "<group>"; };
		FFD43107211D3E63009B3598 /* GJViewView.h */ = {isa = PBXFileReference; lastKnownFileType = sourcecode.c.h; path = GJViewView.h; sourceTree = "<group>"; };
		FFD43108211D3E63009B3598 /* GJViewView.m */ = {isa = PBXFileReference; lastKnownFileType = sourcecode.c.objc; path = GJViewView.m; sourceTree = "<group>"; };
		FFD4310A211D8D32009B3598 /* GJViewTwoView.h */ = {isa = PBXFileReference; lastKnownFileType = sourcecode.c.h; path = GJViewTwoView.h; sourceTree = "<group>"; };
		FFD4310B211D8D32009B3598 /* GJViewTwoView.m */ = {isa = PBXFileReference; lastKnownFileType = sourcecode.c.objc; path = GJViewTwoView.m; sourceTree = "<group>"; };
		FFD78B6D20F2FC7400DA2471 /* MRZUIScrollViewViewcontroller.h */ = {isa = PBXFileReference; lastKnownFileType = sourcecode.c.h; path = MRZUIScrollViewViewcontroller.h; sourceTree = "<group>"; };
		FFD78B6E20F2FC7400DA2471 /* MRZUIScrollViewViewcontroller.m */ = {isa = PBXFileReference; lastKnownFileType = sourcecode.c.objc; path = MRZUIScrollViewViewcontroller.m; sourceTree = "<group>"; };
		FFD78B7320F2FED700DA2471 /* MRZUICollectionViewController.h */ = {isa = PBXFileReference; fileEncoding = 4; lastKnownFileType = sourcecode.c.h; path = MRZUICollectionViewController.h; sourceTree = "<group>"; };
		FFD78B7420F2FED700DA2471 /* MRZUICollectionViewController.m */ = {isa = PBXFileReference; fileEncoding = 4; lastKnownFileType = sourcecode.c.objc; path = MRZUICollectionViewController.m; sourceTree = "<group>"; };
		FFD79A5E21184117002D975A /* GJRunTimeViewController.h */ = {isa = PBXFileReference; lastKnownFileType = sourcecode.c.h; path = GJRunTimeViewController.h; sourceTree = "<group>"; };
		FFD79A5F21184117002D975A /* GJRunTimeViewController.m */ = {isa = PBXFileReference; lastKnownFileType = sourcecode.c.objc; path = GJRunTimeViewController.m; sourceTree = "<group>"; };
		FFD79A612118415C002D975A /* UIViewController+Swizzling.h */ = {isa = PBXFileReference; lastKnownFileType = sourcecode.c.h; path = "UIViewController+Swizzling.h"; sourceTree = "<group>"; };
		FFD79A622118415C002D975A /* UIViewController+Swizzling.m */ = {isa = PBXFileReference; lastKnownFileType = sourcecode.c.objc; path = "UIViewController+Swizzling.m"; sourceTree = "<group>"; };
		FFD79A64211841AC002D975A /* NSObject+Swizzling.h */ = {isa = PBXFileReference; lastKnownFileType = sourcecode.c.h; path = "NSObject+Swizzling.h"; sourceTree = "<group>"; };
		FFD79A65211841AC002D975A /* NSObject+Swizzling.m */ = {isa = PBXFileReference; lastKnownFileType = sourcecode.c.objc; path = "NSObject+Swizzling.m"; sourceTree = "<group>"; };
		FFDAA0A121C34C8A00453B8D /* UIButton+LZCategory.h */ = {isa = PBXFileReference; fileEncoding = 4; lastKnownFileType = sourcecode.c.h; path = "UIButton+LZCategory.h"; sourceTree = "<group>"; };
		FFDAA0A221C34C8A00453B8D /* UIButton+LZCategory.m */ = {isa = PBXFileReference; fileEncoding = 4; lastKnownFileType = sourcecode.c.objc; path = "UIButton+LZCategory.m"; sourceTree = "<group>"; };
		FFDAA0A421C34FE800453B8D /* test3.png */ = {isa = PBXFileReference; lastKnownFileType = image.png; path = test3.png; sourceTree = "<group>"; };
		FFE574BC21C25F5F0092ED4B /* CustomPopOverView.m */ = {isa = PBXFileReference; fileEncoding = 4; lastKnownFileType = sourcecode.c.objc; path = CustomPopOverView.m; sourceTree = "<group>"; };
		FFE574BD21C25F5F0092ED4B /* CustomPopOverView.h */ = {isa = PBXFileReference; fileEncoding = 4; lastKnownFileType = sourcecode.c.h; path = CustomPopOverView.h; sourceTree = "<group>"; };
		FFE574BF21C25FE00092ED4B /* HCSStarRatingView.m */ = {isa = PBXFileReference; fileEncoding = 4; lastKnownFileType = sourcecode.c.objc; path = HCSStarRatingView.m; sourceTree = "<group>"; };
		FFE574C021C25FE00092ED4B /* HCSStarRatingView.h */ = {isa = PBXFileReference; fileEncoding = 4; lastKnownFileType = sourcecode.c.h; path = HCSStarRatingView.h; sourceTree = "<group>"; };
		FFE574C421C2605A0092ED4B /* BAUISlider.h */ = {isa = PBXFileReference; fileEncoding = 4; lastKnownFileType = sourcecode.c.h; path = BAUISlider.h; sourceTree = "<group>"; };
		FFE574C521C2605A0092ED4B /* BAUISlider.m */ = {isa = PBXFileReference; fileEncoding = 4; lastKnownFileType = sourcecode.c.objc; path = BAUISlider.m; sourceTree = "<group>"; };
		FFE86FCC211939E4008EA0BB /* UIView+StringTag.h */ = {isa = PBXFileReference; lastKnownFileType = sourcecode.c.h; path = "UIView+StringTag.h"; sourceTree = "<group>"; };
		FFE86FCD211939E4008EA0BB /* UIView+StringTag.m */ = {isa = PBXFileReference; lastKnownFileType = sourcecode.c.objc; path = "UIView+StringTag.m"; sourceTree = "<group>"; };
		FFE86FCF211999C9008EA0BB /* GJButtonView.h */ = {isa = PBXFileReference; lastKnownFileType = sourcecode.c.h; path = GJButtonView.h; sourceTree = "<group>"; };
		FFE86FD0211999C9008EA0BB /* GJButtonView.m */ = {isa = PBXFileReference; lastKnownFileType = sourcecode.c.objc; path = GJButtonView.m; sourceTree = "<group>"; };
		FFE86FD221199A8D008EA0BB /* test.png */ = {isa = PBXFileReference; lastKnownFileType = image.png; path = test.png; sourceTree = "<group>"; };
		FFE86FD421199DF6008EA0BB /* test2.png */ = {isa = PBXFileReference; lastKnownFileType = image.png; path = test2.png; sourceTree = "<group>"; };
		FFEB4C542106D44500F553CC /* testImage.png */ = {isa = PBXFileReference; lastKnownFileType = image.png; path = testImage.png; sourceTree = "<group>"; };
		FFEF6B3320F75763004A5E34 /* XLXButton.h */ = {isa = PBXFileReference; lastKnownFileType = sourcecode.c.h; path = XLXButton.h; sourceTree = "<group>"; };
		FFEF6B3420F75763004A5E34 /* XLXButton.m */ = {isa = PBXFileReference; lastKnownFileType = sourcecode.c.objc; path = XLXButton.m; sourceTree = "<group>"; };
		FFF39E5F21BF5A4B00D00269 /* NSFileManager+Extension.h */ = {isa = PBXFileReference; lastKnownFileType = sourcecode.c.h; path = "NSFileManager+Extension.h"; sourceTree = "<group>"; };
		FFF39E6021BF5A4B00D00269 /* NSFileManager+Extension.m */ = {isa = PBXFileReference; lastKnownFileType = sourcecode.c.objc; path = "NSFileManager+Extension.m"; sourceTree = "<group>"; };
/* End PBXFileReference section */

/* Begin PBXFrameworksBuildPhase section */
		FFA744F220AD74FD0010E114 /* Frameworks */ = {
			isa = PBXFrameworksBuildPhase;
			buildActionMask = 2147483647;
			files = (
				C9B483A23F7D4270ADD10674 /* libPods-ToolClass.a in Frameworks */,
			);
			runOnlyForDeploymentPostprocessing = 0;
		};
		FFA7450A20AD74FD0010E114 /* Frameworks */ = {
			isa = PBXFrameworksBuildPhase;
			buildActionMask = 2147483647;
			files = (
			);
			runOnlyForDeploymentPostprocessing = 0;
		};
		FFA7451520AD74FD0010E114 /* Frameworks */ = {
			isa = PBXFrameworksBuildPhase;
			buildActionMask = 2147483647;
			files = (
			);
			runOnlyForDeploymentPostprocessing = 0;
		};
/* End PBXFrameworksBuildPhase section */

/* Begin PBXGroup section */
		0599CCA05E975130B81EEACF /* Pods */ = {
			isa = PBXGroup;
			children = (
				93F82DBE3FA224A48487E1E4 /* Pods-ToolClass.debug.xcconfig */,
				1F8F8DF4DCFA666E58227DDF /* Pods-ToolClass.release.xcconfig */,
			);
			name = Pods;
			sourceTree = "<group>";
		};
		D328C1D5ABA6851D4D0F602C /* Frameworks */ = {
			isa = PBXGroup;
			children = (
				692B7ECAE051AC7231B2FC0D /* libPods-ToolClass.a */,
			);
			name = Frameworks;
			sourceTree = "<group>";
		};
		FF0971F020B696F300C7BC8E /* Category */ = {
			isa = PBXGroup;
			children = (
				FFC4E7B721BE178900F1ED72 /* UIView+Toast.h */,
				FFC4E7B621BE178800F1ED72 /* UIView+Toast.m */,
				FF09720D20B69AC100C7BC8E /* UIView+Extension.h */,
				FF09720C20B69AC100C7BC8E /* UIView+Extension.m */,
				FF0971F420B697CC00C7BC8E /* UIColor+Extension.h */,
				FF0971F520B697CC00C7BC8E /* UIColor+Extension.m */,
				FF09720A20B69AA600C7BC8E /* NSObject+Extension.h */,
				FF09720920B69AA600C7BC8E /* NSObject+Extension.m */,
				FF09720420B69A8C00C7BC8E /* NSDate+Extension.h */,
				FF09720320B69A8C00C7BC8E /* NSDate+Extension.m */,
				FF09720020B69A7A00C7BC8E /* NSString+Extension.h */,
				FF09720120B69A7A00C7BC8E /* NSString+Extension.m */,
				FF0971FB20B69A2A00C7BC8E /* UIImage+Extension.h */,
				FF0971FA20B69A2A00C7BC8E /* UIImage+Extension.m */,
				FF09720620B69A9A00C7BC8E /* NSDictionary+Extension.h */,
				FF09720720B69A9A00C7BC8E /* NSDictionary+Extension.m */,
				FF0971FD20B69A6C00C7BC8E /* UIBarButtonItem+Extension.h */,
				FF0971FE20B69A6C00C7BC8E /* UIBarButtonItem+Extension.m */,
				FF0971F720B69A1A00C7BC8E /* UITextField+Extension.h */,
				FF0971F820B69A1A00C7BC8E /* UITextField+Extension.m */,
				FFF39E5F21BF5A4B00D00269 /* NSFileManager+Extension.h */,
				FFF39E6021BF5A4B00D00269 /* NSFileManager+Extension.m */,
			);
			path = Category;
			sourceTree = "<group>";
		};
		FF64C2652109B33700A666DE /* GJDemoViewController */ = {
			isa = PBXGroup;
			children = (
				FFE86FD421199DF6008EA0BB /* test2.png */,
				FFE86FD221199A8D008EA0BB /* test.png */,
				FFDAA0A421C34FE800453B8D /* test3.png */,
				FF64C2662109B37700A666DE /* GJDemoListViewController.h */,
				FF64C2672109B37700A666DE /* GJDemoListViewController.m */,
				FF64C2692109B4D000A666DE /* GJDemoBaseViewController.h */,
				FF64C26A2109B4D000A666DE /* GJDemoBaseViewController.m */,
				FF64C26C2109B7BE00A666DE /* GJLabelView.h */,
				FF64C26D2109B7BE00A666DE /* GJLabelView.m */,
				FFE86FCF211999C9008EA0BB /* GJButtonView.h */,
				FFE86FD0211999C9008EA0BB /* GJButtonView.m */,
				FFD43107211D3E63009B3598 /* GJViewView.h */,
				FFD43108211D3E63009B3598 /* GJViewView.m */,
				FFD4310A211D8D32009B3598 /* GJViewTwoView.h */,
				FFD4310B211D8D32009B3598 /* GJViewTwoView.m */,
			);
			path = GJDemoViewController;
			sourceTree = "<group>";
		};
		FFA744EC20AD74FD0010E114 = {
			isa = PBXGroup;
			children = (
				FFA744F720AD74FD0010E114 /* ToolClass */,
				FFA7451020AD74FD0010E114 /* ToolClassTests */,
				FFA7451B20AD74FD0010E114 /* ToolClassUITests */,
				FFA744F620AD74FD0010E114 /* Products */,
				0599CCA05E975130B81EEACF /* Pods */,
				D328C1D5ABA6851D4D0F602C /* Frameworks */,
			);
			sourceTree = "<group>";
		};
		FFA744F620AD74FD0010E114 /* Products */ = {
			isa = PBXGroup;
			children = (
				FFA744F520AD74FD0010E114 /* ToolClass.app */,
				FFA7450D20AD74FD0010E114 /* ToolClassTests.xctest */,
				FFA7451820AD74FD0010E114 /* ToolClassUITests.xctest */,
			);
			name = Products;
			sourceTree = "<group>";
		};
		FFA744F720AD74FD0010E114 /* ToolClass */ = {
			isa = PBXGroup;
			children = (
				FFD162AB210AB789008D07AE /* CustomClass */,
				FF0971F020B696F300C7BC8E /* Category */,
				FFBA3A9920F4989900244C13 /* ViewController */,
				FFA744F820AD74FD0010E114 /* AppDelegate.h */,
				FFA744F920AD74FD0010E114 /* AppDelegate.m */,
				FFA744FB20AD74FD0010E114 /* ViewController.h */,
				FFA744FC20AD74FD0010E114 /* ViewController.m */,
				FFA7453020AD79840010E114 /* Study */,
				FFA744FE20AD74FD0010E114 /* Main.storyboard */,
				FFA7450120AD74FD0010E114 /* Assets.xcassets */,
				FFA7450320AD74FD0010E114 /* LaunchScreen.storyboard */,
				FFA7450620AD74FD0010E114 /* Info.plist */,
				FFA7450720AD74FD0010E114 /* main.m */,
				FFA7452A20AD75500010E114 /* ToolClass_PrefixHeader.pch */,
			);
			path = ToolClass;
			sourceTree = "<group>";
		};
		FFA7451020AD74FD0010E114 /* ToolClassTests */ = {
			isa = PBXGroup;
			children = (
				FFA7451120AD74FD0010E114 /* ToolClassTests.m */,
				FFA7451320AD74FD0010E114 /* Info.plist */,
			);
			path = ToolClassTests;
			sourceTree = "<group>";
		};
		FFA7451B20AD74FD0010E114 /* ToolClassUITests */ = {
			isa = PBXGroup;
			children = (
				FFA7451C20AD74FD0010E114 /* ToolClassUITests.m */,
				FFA7451E20AD74FD0010E114 /* Info.plist */,
			);
			path = ToolClassUITests;
			sourceTree = "<group>";
		};
		FFA7452C20AD75D00010E114 /* UIScrollView */ = {
			isa = PBXGroup;
			children = (
				FFA7452D20AD75EC0010E114 /* CustomScrollView.h */,
				FFA7452E20AD75EC0010E114 /* CustomScrollView.m */,
			);
			path = UIScrollView;
			sourceTree = "<group>";
		};
		FFA7453020AD79840010E114 /* Study */ = {
			isa = PBXGroup;
			children = (
				FFA7453120AD80E60010E114 /* AudioStudy.h */,
			);
			path = Study;
			sourceTree = "<group>";
		};
		FFBA3A8A20F4956600244C13 /* DSBseModel */ = {
			isa = PBXGroup;
			children = (
				FFBA3A9120F4958700244C13 /* JsonToModel */,
				FFBA3A8B20F4956600244C13 /* DSBaseModel.h */,
				FFBA3A8C20F4956600244C13 /* DSBaseModel.m */,
				FFBA3A8D20F4956600244C13 /* DSFetchModelProperty.h */,
				FFBA3A8E20F4956600244C13 /* DSFetchModelProperty.m */,
			);
			path = DSBseModel;
			sourceTree = "<group>";
		};
		FFBA3A9120F4958700244C13 /* JsonToModel */ = {
			isa = PBXGroup;
			children = (
				FFBA3A9220F495C900244C13 /* MRZTestArrayModel.h */,
				FFBA3A9320F495C900244C13 /* MRZTestArrayModel.m */,
			);
			path = JsonToModel;
			sourceTree = "<group>";
		};
		FFBA3A9520F4982600244C13 /* MRZJsonToModelVc */ = {
			isa = PBXGroup;
			children = (
				FF72DC61210B1D4300B3C8F2 /* TestModel.h */,
				FF72DC60210B1D4300B3C8F2 /* TestModel.m */,
				FF09720F20B6A18D00C7BC8E /* MZJson.h */,
				FF09721020B6A18D00C7BC8E /* MZJson.m */,
				FFBA3A9620F4984800244C13 /* MRZJsonToModelViewController.h */,
				FFBA3A9720F4984800244C13 /* MRZJsonToModelViewController.m */,
			);
			path = MRZJsonToModelVc;
			sourceTree = "<group>";
		};
		FFBA3A9920F4989900244C13 /* ViewController */ = {
			isa = PBXGroup;
			children = (
				FFD79A5D211840F2002D975A /* GJRunTimeViewController */,
				FF64C2652109B33700A666DE /* GJDemoViewController */,
				FFCB3DF5210038B400660120 /* MRZQuartzViewController */,
				FFBA3A9520F4982600244C13 /* MRZJsonToModelVc */,
				FFD78B6C20F2FC4B00DA2471 /* UIScrollViewViewcontroller */,
				FFD78B6520F2F97000DA2471 /* UICollectionView */,
			);
			path = ViewController;
			sourceTree = "<group>";
		};
		FFC4E7C221BE631600F1ED72 /* Keychina */ = {
			isa = PBXGroup;
			children = (
				FFC4E7BF21BE631000F1ED72 /* ZGKeychainTool.h */,
				FFC4E7C021BE631000F1ED72 /* ZGKeychainTool.m */,
			);
			path = Keychina;
			sourceTree = "<group>";
		};
		FFCB3DF5210038B400660120 /* MRZQuartzViewController */ = {
			isa = PBXGroup;
			children = (
				FFEB4C542106D44500F553CC /* testImage.png */,
				FF8E37F12101B1B9000DA657 /* player_mini_pause@2x.png */,
				FFCB3DF6210038FB00660120 /* MRZQuartzViewController.h */,
				FFCB3DF7210038FB00660120 /* MRZQuartzViewController.m */,
				FFCB3DF92100396400660120 /* FillingView.h */,
				FFCB3DFA2100396400660120 /* FillingView.m */,
			);
			path = MRZQuartzViewController;
			sourceTree = "<group>";
		};
		FFD162AB210AB789008D07AE /* CustomClass */ = {
			isa = PBXGroup;
			children = (
				FFE574C321C2604B0092ED4B /* 带文字的Slider */,
				FFE574C221C25FE60092ED4B /* 箭头弹出框 */,
				FFE574BB21C25F510092ED4B /* 星级评价 */,
				FFC4E7C221BE631600F1ED72 /* Keychina */,
				FFEF6B3220F75739004A5E34 /* UIButton */,
				FFBA3A8A20F4956600244C13 /* DSBseModel */,
				FFA7452C20AD75D00010E114 /* UIScrollView */,
				FFC4E7BC21BE54BD00F1ED72 /* MZUtilsClass.h */,
				FFC4E7BD21BE54BD00F1ED72 /* MZUtilsClass.m */,
				FFA7452B20AD75CB0010E114 /* Define.h */,
			);
			path = CustomClass;
			sourceTree = "<group>";
		};
		FFD78B6520F2F97000DA2471 /* UICollectionView */ = {
			isa = PBXGroup;
			children = (
				FFD78B7320F2FED700DA2471 /* MRZUICollectionViewController.h */,
				FFD78B7420F2FED700DA2471 /* MRZUICollectionViewController.m */,
			);
			path = UICollectionView;
			sourceTree = "<group>";
		};
		FFD78B6C20F2FC4B00DA2471 /* UIScrollViewViewcontroller */ = {
			isa = PBXGroup;
			children = (
				FFD78B6D20F2FC7400DA2471 /* MRZUIScrollViewViewcontroller.h */,
				FFD78B6E20F2FC7400DA2471 /* MRZUIScrollViewViewcontroller.m */,
			);
			path = UIScrollViewViewcontroller;
			sourceTree = "<group>";
		};
		FFD79A5D211840F2002D975A /* GJRunTimeViewController */ = {
			isa = PBXGroup;
			children = (
				FFD79A5E21184117002D975A /* GJRunTimeViewController.h */,
				FFD79A5F21184117002D975A /* GJRunTimeViewController.m */,
				FFD79A64211841AC002D975A /* NSObject+Swizzling.h */,
				FFD79A65211841AC002D975A /* NSObject+Swizzling.m */,
				FFD79A612118415C002D975A /* UIViewController+Swizzling.h */,
				FFD79A622118415C002D975A /* UIViewController+Swizzling.m */,
				FFE86FCC211939E4008EA0BB /* UIView+StringTag.h */,
				FFE86FCD211939E4008EA0BB /* UIView+StringTag.m */,
				FFCC63C52122AE3600BB913B /* UIButton+Runtime.h */,
				FFCC63C62122AE3600BB913B /* UIButton+Runtime.m */,
			);
			path = GJRunTimeViewController;
			sourceTree = "<group>";
		};
		FFE574BB21C25F510092ED4B /* 星级评价 */ = {
			isa = PBXGroup;
			children = (
				FFE574C021C25FE00092ED4B /* HCSStarRatingView.h */,
				FFE574BF21C25FE00092ED4B /* HCSStarRatingView.m */,
			);
			path = "星级评价";
			sourceTree = "<group>";
		};
		FFE574C221C25FE60092ED4B /* 箭头弹出框 */ = {
			isa = PBXGroup;
			children = (
				FFE574BD21C25F5F0092ED4B /* CustomPopOverView.h */,
				FFE574BC21C25F5F0092ED4B /* CustomPopOverView.m */,
			);
			path = "箭头弹出框";
			sourceTree = "<group>";
		};
		FFE574C321C2604B0092ED4B /* 带文字的Slider */ = {
			isa = PBXGroup;
			children = (
				FFE574C421C2605A0092ED4B /* BAUISlider.h */,
				FFE574C521C2605A0092ED4B /* BAUISlider.m */,
			);
			path = "带文字的Slider";
			sourceTree = "<group>";
		};
		FFEF6B3220F75739004A5E34 /* UIButton */ = {
			isa = PBXGroup;
			children = (
				FFDAA0A121C34C8A00453B8D /* UIButton+LZCategory.h */,
				FFDAA0A221C34C8A00453B8D /* UIButton+LZCategory.m */,
				FFEF6B3320F75763004A5E34 /* XLXButton.h */,
				FFEF6B3420F75763004A5E34 /* XLXButton.m */,
			);
			path = UIButton;
			sourceTree = "<group>";
		};
/* End PBXGroup section */

/* Begin PBXNativeTarget section */
		FFA744F420AD74FD0010E114 /* ToolClass */ = {
			isa = PBXNativeTarget;
			buildConfigurationList = FFA7452120AD74FD0010E114 /* Build configuration list for PBXNativeTarget "ToolClass" */;
			buildPhases = (
				6215025059627F2551A43A7B /* [CP] Check Pods Manifest.lock */,
				FFA744F120AD74FD0010E114 /* Sources */,
				FFA744F220AD74FD0010E114 /* Frameworks */,
				FFA744F320AD74FD0010E114 /* Resources */,
				9F014476AE4537300F8658F1 /* [CP] Copy Pods Resources */,
			);
			buildRules = (
			);
			dependencies = (
			);
			name = ToolClass;
			productName = ToolClass;
			productReference = FFA744F520AD74FD0010E114 /* ToolClass.app */;
			productType = "com.apple.product-type.application";
		};
		FFA7450C20AD74FD0010E114 /* ToolClassTests */ = {
			isa = PBXNativeTarget;
			buildConfigurationList = FFA7452420AD74FD0010E114 /* Build configuration list for PBXNativeTarget "ToolClassTests" */;
			buildPhases = (
				FFA7450920AD74FD0010E114 /* Sources */,
				FFA7450A20AD74FD0010E114 /* Frameworks */,
				FFA7450B20AD74FD0010E114 /* Resources */,
			);
			buildRules = (
			);
			dependencies = (
				FFA7450F20AD74FD0010E114 /* PBXTargetDependency */,
			);
			name = ToolClassTests;
			productName = ToolClassTests;
			productReference = FFA7450D20AD74FD0010E114 /* ToolClassTests.xctest */;
			productType = "com.apple.product-type.bundle.unit-test";
		};
		FFA7451720AD74FD0010E114 /* ToolClassUITests */ = {
			isa = PBXNativeTarget;
			buildConfigurationList = FFA7452720AD74FD0010E114 /* Build configuration list for PBXNativeTarget "ToolClassUITests" */;
			buildPhases = (
				FFA7451420AD74FD0010E114 /* Sources */,
				FFA7451520AD74FD0010E114 /* Frameworks */,
				FFA7451620AD74FD0010E114 /* Resources */,
			);
			buildRules = (
			);
			dependencies = (
				FFA7451A20AD74FD0010E114 /* PBXTargetDependency */,
			);
			name = ToolClassUITests;
			productName = ToolClassUITests;
			productReference = FFA7451820AD74FD0010E114 /* ToolClassUITests.xctest */;
			productType = "com.apple.product-type.bundle.ui-testing";
		};
/* End PBXNativeTarget section */

/* Begin PBXProject section */
		FFA744ED20AD74FD0010E114 /* Project object */ = {
			isa = PBXProject;
			attributes = {
				LastUpgradeCheck = 0900;
				ORGANIZATIONNAME = MrZhang;
				TargetAttributes = {
					FFA744F420AD74FD0010E114 = {
						CreatedOnToolsVersion = 9.0.1;
						ProvisioningStyle = Manual;
					};
					FFA7450C20AD74FD0010E114 = {
						CreatedOnToolsVersion = 9.0.1;
						ProvisioningStyle = Automatic;
						TestTargetID = FFA744F420AD74FD0010E114;
					};
					FFA7451720AD74FD0010E114 = {
						CreatedOnToolsVersion = 9.0.1;
						ProvisioningStyle = Automatic;
						TestTargetID = FFA744F420AD74FD0010E114;
					};
				};
			};
			buildConfigurationList = FFA744F020AD74FD0010E114 /* Build configuration list for PBXProject "ToolClass" */;
			compatibilityVersion = "Xcode 8.0";
			developmentRegion = en;
			hasScannedForEncodings = 0;
			knownRegions = (
				en,
				Base,
			);
			mainGroup = FFA744EC20AD74FD0010E114;
			productRefGroup = FFA744F620AD74FD0010E114 /* Products */;
			projectDirPath = "";
			projectRoot = "";
			targets = (
				FFA744F420AD74FD0010E114 /* ToolClass */,
				FFA7450C20AD74FD0010E114 /* ToolClassTests */,
				FFA7451720AD74FD0010E114 /* ToolClassUITests */,
			);
		};
/* End PBXProject section */

/* Begin PBXResourcesBuildPhase section */
		FFA744F320AD74FD0010E114 /* Resources */ = {
			isa = PBXResourcesBuildPhase;
			buildActionMask = 2147483647;
			files = (
				FFA7450520AD74FD0010E114 /* LaunchScreen.storyboard in Resources */,
				FFE86FD321199A8D008EA0BB /* test.png in Resources */,
				FFA7450220AD74FD0010E114 /* Assets.xcassets in Resources */,
				FFA7450020AD74FD0010E114 /* Main.storyboard in Resources */,
				FFE86FD521199DF6008EA0BB /* test2.png in Resources */,
				FF8E37F22101B1B9000DA657 /* player_mini_pause@2x.png in Resources */,
				FFDAA0A521C34FE800453B8D /* test3.png in Resources */,
				FFEB4C552106D44600F553CC /* testImage.png in Resources */,
			);
			runOnlyForDeploymentPostprocessing = 0;
		};
		FFA7450B20AD74FD0010E114 /* Resources */ = {
			isa = PBXResourcesBuildPhase;
			buildActionMask = 2147483647;
			files = (
			);
			runOnlyForDeploymentPostprocessing = 0;
		};
		FFA7451620AD74FD0010E114 /* Resources */ = {
			isa = PBXResourcesBuildPhase;
			buildActionMask = 2147483647;
			files = (
			);
			runOnlyForDeploymentPostprocessing = 0;
		};
/* End PBXResourcesBuildPhase section */

/* Begin PBXShellScriptBuildPhase section */
		6215025059627F2551A43A7B /* [CP] Check Pods Manifest.lock */ = {
			isa = PBXShellScriptBuildPhase;
			buildActionMask = 2147483647;
			files = (
			);
			inputPaths = (
				"${PODS_PODFILE_DIR_PATH}/Podfile.lock",
				"${PODS_ROOT}/Manifest.lock",
			);
			name = "[CP] Check Pods Manifest.lock";
			outputPaths = (
				"$(DERIVED_FILE_DIR)/Pods-ToolClass-checkManifestLockResult.txt",
			);
			runOnlyForDeploymentPostprocessing = 0;
			shellPath = /bin/sh;
			shellScript = "diff \"${PODS_PODFILE_DIR_PATH}/Podfile.lock\" \"${PODS_ROOT}/Manifest.lock\" > /dev/null\nif [ $? != 0 ] ; then\n    # print error to STDERR\n    echo \"error: The sandbox is not in sync with the Podfile.lock. Run 'pod install' or update your CocoaPods installation.\" >&2\n    exit 1\nfi\n# This output is used by Xcode 'outputs' to avoid re-running this script phase.\necho \"SUCCESS\" > \"${SCRIPT_OUTPUT_FILE_0}\"\n";
			showEnvVarsInLog = 0;
		};
		9F014476AE4537300F8658F1 /* [CP] Copy Pods Resources */ = {
			isa = PBXShellScriptBuildPhase;
			buildActionMask = 2147483647;
			files = (
			);
			inputPaths = (
				"${SRCROOT}/Pods/Target Support Files/Pods-ToolClass/Pods-ToolClass-resources.sh",
				"${PODS_ROOT}/MJRefresh/MJRefresh/MJRefresh.bundle",
			);
			name = "[CP] Copy Pods Resources";
			outputPaths = (
				"${TARGET_BUILD_DIR}/${UNLOCALIZED_RESOURCES_FOLDER_PATH}/MJRefresh.bundle",
			);
			runOnlyForDeploymentPostprocessing = 0;
			shellPath = /bin/sh;
			shellScript = "\"${SRCROOT}/Pods/Target Support Files/Pods-ToolClass/Pods-ToolClass-resources.sh\"\n";
			showEnvVarsInLog = 0;
		};
/* End PBXShellScriptBuildPhase section */

/* Begin PBXSourcesBuildPhase section */
		FFA744F120AD74FD0010E114 /* Sources */ = {
			isa = PBXSourcesBuildPhase;
			buildActionMask = 2147483647;
			files = (
				FFCB3DFB2100396400660120 /* FillingView.m in Sources */,
				FFE574C121C25FE00092ED4B /* HCSStarRatingView.m in Sources */,
				FF0971F920B69A1A00C7BC8E /* UITextField+Extension.m in Sources */,
				FFBA3A8F20F4956700244C13 /* DSBaseModel.m in Sources */,
				FFD79A66211841AC002D975A /* NSObject+Swizzling.m in Sources */,
				FF0971FF20B69A6C00C7BC8E /* UIBarButtonItem+Extension.m in Sources */,
				FFD79A6021184117002D975A /* GJRunTimeViewController.m in Sources */,
				FF64C26E2109B7BE00A666DE /* GJLabelView.m in Sources */,
				FFCC63C72122AE3600BB913B /* UIButton+Runtime.m in Sources */,
				FFD4310C211D8D32009B3598 /* GJViewTwoView.m in Sources */,
				FFD43109211D3E63009B3598 /* GJViewView.m in Sources */,
				FFBA3A9420F495C900244C13 /* MRZTestArrayModel.m in Sources */,
				FFA744FD20AD74FD0010E114 /* ViewController.m in Sources */,
				FF0971F620B697CC00C7BC8E /* UIColor+Extension.m in Sources */,
				FF09720E20B69AC100C7BC8E /* UIView+Extension.m in Sources */,
				FFE86FCE211939E4008EA0BB /* UIView+StringTag.m in Sources */,
				FFBA3A9820F4984800244C13 /* MRZJsonToModelViewController.m in Sources */,
				FF09720820B69A9A00C7BC8E /* NSDictionary+Extension.m in Sources */,
				FF09720520B69A8C00C7BC8E /* NSDate+Extension.m in Sources */,
				FFA7450820AD74FD0010E114 /* main.m in Sources */,
				FFD78B7520F2FED700DA2471 /* MRZUICollectionViewController.m in Sources */,
				FF09720220B69A7A00C7BC8E /* NSString+Extension.m in Sources */,
				FFEF6B3520F75763004A5E34 /* XLXButton.m in Sources */,
				FF0971FC20B69A2B00C7BC8E /* UIImage+Extension.m in Sources */,
				FF09720B20B69AA700C7BC8E /* NSObject+Extension.m in Sources */,
				FFC4E7B821BE178900F1ED72 /* UIView+Toast.m in Sources */,
				FF72DC62210B1D4300B3C8F2 /* TestModel.m in Sources */,
				FFD78B6F20F2FC7400DA2471 /* MRZUIScrollViewViewcontroller.m in Sources */,
				FF09721120B6A18D00C7BC8E /* MZJson.m in Sources */,
				FFC4E7C121BE631100F1ED72 /* ZGKeychainTool.m in Sources */,
				FF64C2682109B37700A666DE /* GJDemoListViewController.m in Sources */,
				FFE574C621C2605B0092ED4B /* BAUISlider.m in Sources */,
				FFA7452F20AD75EC0010E114 /* CustomScrollView.m in Sources */,
				FFE574BE21C25F600092ED4B /* CustomPopOverView.m in Sources */,
				FFBA3A9020F4956700244C13 /* DSFetchModelProperty.m in Sources */,
				FF64C26B2109B4D000A666DE /* GJDemoBaseViewController.m in Sources */,
				FFDAA0A321C34C8A00453B8D /* UIButton+LZCategory.m in Sources */,
				FFD79A632118415C002D975A /* UIViewController+Swizzling.m in Sources */,
				FFA744FA20AD74FD0010E114 /* AppDelegate.m in Sources */,
				FFC4E7BE21BE54BD00F1ED72 /* MZUtilsClass.m in Sources */,
				FFCB3DF8210038FB00660120 /* MRZQuartzViewController.m in Sources */,
				FFF39E6121BF5A4B00D00269 /* NSFileManager+Extension.m in Sources */,
				FFE86FD1211999C9008EA0BB /* GJButtonView.m in Sources */,
			);
			runOnlyForDeploymentPostprocessing = 0;
		};
		FFA7450920AD74FD0010E114 /* Sources */ = {
			isa = PBXSourcesBuildPhase;
			buildActionMask = 2147483647;
			files = (
				FFA7451220AD74FD0010E114 /* ToolClassTests.m in Sources */,
			);
			runOnlyForDeploymentPostprocessing = 0;
		};
		FFA7451420AD74FD0010E114 /* Sources */ = {
			isa = PBXSourcesBuildPhase;
			buildActionMask = 2147483647;
			files = (
				FFA7451D20AD74FD0010E114 /* ToolClassUITests.m in Sources */,
			);
			runOnlyForDeploymentPostprocessing = 0;
		};
/* End PBXSourcesBuildPhase section */

/* Begin PBXTargetDependency section */
		FFA7450F20AD74FD0010E114 /* PBXTargetDependency */ = {
			isa = PBXTargetDependency;
			target = FFA744F420AD74FD0010E114 /* ToolClass */;
			targetProxy = FFA7450E20AD74FD0010E114 /* PBXContainerItemProxy */;
		};
		FFA7451A20AD74FD0010E114 /* PBXTargetDependency */ = {
			isa = PBXTargetDependency;
			target = FFA744F420AD74FD0010E114 /* ToolClass */;
			targetProxy = FFA7451920AD74FD0010E114 /* PBXContainerItemProxy */;
		};
/* End PBXTargetDependency section */

/* Begin PBXVariantGroup section */
		FFA744FE20AD74FD0010E114 /* Main.storyboard */ = {
			isa = PBXVariantGroup;
			children = (
				FFA744FF20AD74FD0010E114 /* Base */,
			);
			name = Main.storyboard;
			sourceTree = "<group>";
		};
		FFA7450320AD74FD0010E114 /* LaunchScreen.storyboard */ = {
			isa = PBXVariantGroup;
			children = (
				FFA7450420AD74FD0010E114 /* Base */,
			);
			name = LaunchScreen.storyboard;
			sourceTree = "<group>";
		};
/* End PBXVariantGroup section */

/* Begin XCBuildConfiguration section */
		FFA7451F20AD74FD0010E114 /* Debug */ = {
			isa = XCBuildConfiguration;
			buildSettings = {
				ALWAYS_SEARCH_USER_PATHS = NO;
				CLANG_ANALYZER_NONNULL = YES;
				CLANG_ANALYZER_NUMBER_OBJECT_CONVERSION = YES_AGGRESSIVE;
				CLANG_CXX_LANGUAGE_STANDARD = "gnu++14";
				CLANG_CXX_LIBRARY = "libc++";
				CLANG_ENABLE_MODULES = YES;
				CLANG_ENABLE_OBJC_ARC = YES;
				CLANG_WARN_BLOCK_CAPTURE_AUTORELEASING = YES;
				CLANG_WARN_BOOL_CONVERSION = YES;
				CLANG_WARN_COMMA = YES;
				CLANG_WARN_CONSTANT_CONVERSION = YES;
				CLANG_WARN_DIRECT_OBJC_ISA_USAGE = YES_ERROR;
				CLANG_WARN_DOCUMENTATION_COMMENTS = YES;
				CLANG_WARN_EMPTY_BODY = YES;
				CLANG_WARN_ENUM_CONVERSION = YES;
				CLANG_WARN_INFINITE_RECURSION = YES;
				CLANG_WARN_INT_CONVERSION = YES;
				CLANG_WARN_NON_LITERAL_NULL_CONVERSION = YES;
				CLANG_WARN_OBJC_LITERAL_CONVERSION = YES;
				CLANG_WARN_OBJC_ROOT_CLASS = YES_ERROR;
				CLANG_WARN_RANGE_LOOP_ANALYSIS = YES;
				CLANG_WARN_STRICT_PROTOTYPES = YES;
				CLANG_WARN_SUSPICIOUS_MOVE = YES;
				CLANG_WARN_UNGUARDED_AVAILABILITY = YES_AGGRESSIVE;
				CLANG_WARN_UNREACHABLE_CODE = YES;
				CLANG_WARN__DUPLICATE_METHOD_MATCH = YES;
				CODE_SIGN_IDENTITY = "iPhone Developer";
				COPY_PHASE_STRIP = NO;
				DEBUG_INFORMATION_FORMAT = dwarf;
				ENABLE_STRICT_OBJC_MSGSEND = YES;
				ENABLE_TESTABILITY = YES;
				GCC_C_LANGUAGE_STANDARD = gnu11;
				GCC_DYNAMIC_NO_PIC = NO;
				GCC_NO_COMMON_BLOCKS = YES;
				GCC_OPTIMIZATION_LEVEL = 0;
				GCC_PREPROCESSOR_DEFINITIONS = (
					"DEBUG=1",
					"$(inherited)",
				);
				GCC_WARN_64_TO_32_BIT_CONVERSION = YES;
				GCC_WARN_ABOUT_RETURN_TYPE = YES_ERROR;
				GCC_WARN_UNDECLARED_SELECTOR = YES;
				GCC_WARN_UNINITIALIZED_AUTOS = YES_AGGRESSIVE;
				GCC_WARN_UNUSED_FUNCTION = YES;
				GCC_WARN_UNUSED_VARIABLE = YES;
				IPHONEOS_DEPLOYMENT_TARGET = 11.0;
				MTL_ENABLE_DEBUG_INFO = YES;
				ONLY_ACTIVE_ARCH = YES;
				SDKROOT = iphoneos;
			};
			name = Debug;
		};
		FFA7452020AD74FD0010E114 /* Release */ = {
			isa = XCBuildConfiguration;
			buildSettings = {
				ALWAYS_SEARCH_USER_PATHS = NO;
				CLANG_ANALYZER_NONNULL = YES;
				CLANG_ANALYZER_NUMBER_OBJECT_CONVERSION = YES_AGGRESSIVE;
				CLANG_CXX_LANGUAGE_STANDARD = "gnu++14";
				CLANG_CXX_LIBRARY = "libc++";
				CLANG_ENABLE_MODULES = YES;
				CLANG_ENABLE_OBJC_ARC = YES;
				CLANG_WARN_BLOCK_CAPTURE_AUTORELEASING = YES;
				CLANG_WARN_BOOL_CONVERSION = YES;
				CLANG_WARN_COMMA = YES;
				CLANG_WARN_CONSTANT_CONVERSION = YES;
				CLANG_WARN_DIRECT_OBJC_ISA_USAGE = YES_ERROR;
				CLANG_WARN_DOCUMENTATION_COMMENTS = YES;
				CLANG_WARN_EMPTY_BODY = YES;
				CLANG_WARN_ENUM_CONVERSION = YES;
				CLANG_WARN_INFINITE_RECURSION = YES;
				CLANG_WARN_INT_CONVERSION = YES;
				CLANG_WARN_NON_LITERAL_NULL_CONVERSION = YES;
				CLANG_WARN_OBJC_LITERAL_CONVERSION = YES;
				CLANG_WARN_OBJC_ROOT_CLASS = YES_ERROR;
				CLANG_WARN_RANGE_LOOP_ANALYSIS = YES;
				CLANG_WARN_STRICT_PROTOTYPES = YES;
				CLANG_WARN_SUSPICIOUS_MOVE = YES;
				CLANG_WARN_UNGUARDED_AVAILABILITY = YES_AGGRESSIVE;
				CLANG_WARN_UNREACHABLE_CODE = YES;
				CLANG_WARN__DUPLICATE_METHOD_MATCH = YES;
				CODE_SIGN_IDENTITY = "iPhone Developer";
				COPY_PHASE_STRIP = NO;
				DEBUG_INFORMATION_FORMAT = "dwarf-with-dsym";
				ENABLE_NS_ASSERTIONS = NO;
				ENABLE_STRICT_OBJC_MSGSEND = YES;
				GCC_C_LANGUAGE_STANDARD = gnu11;
				GCC_NO_COMMON_BLOCKS = YES;
				GCC_WARN_64_TO_32_BIT_CONVERSION = YES;
				GCC_WARN_ABOUT_RETURN_TYPE = YES_ERROR;
				GCC_WARN_UNDECLARED_SELECTOR = YES;
				GCC_WARN_UNINITIALIZED_AUTOS = YES_AGGRESSIVE;
				GCC_WARN_UNUSED_FUNCTION = YES;
				GCC_WARN_UNUSED_VARIABLE = YES;
				IPHONEOS_DEPLOYMENT_TARGET = 11.0;
				MTL_ENABLE_DEBUG_INFO = NO;
				SDKROOT = iphoneos;
				VALIDATE_PRODUCT = YES;
			};
			name = Release;
		};
		FFA7452220AD74FD0010E114 /* Debug */ = {
			isa = XCBuildConfiguration;
			baseConfigurationReference = 93F82DBE3FA224A48487E1E4 /* Pods-ToolClass.debug.xcconfig */;
			buildSettings = {
				ASSETCATALOG_COMPILER_APPICON_NAME = AppIcon;
				CODE_SIGN_STYLE = Manual;
				DEVELOPMENT_TEAM = 7DT3H4SFCG;
				GCC_PRECOMPILE_PREFIX_HEADER = YES;
				GCC_PREFIX_HEADER = "$(SRCROOT)/ToolClass/ToolClass_PrefixHeader.pch";
				INFOPLIST_FILE = ToolClass/Info.plist;
				LD_RUNPATH_SEARCH_PATHS = "$(inherited) @executable_path/Frameworks";
				PRODUCT_BUNDLE_IDENTIFIER = com.MrZhang.ToolClass;
				PRODUCT_NAME = "$(TARGET_NAME)";
				PROVISIONING_PROFILE = "74f3d433-8671-416f-99cb-9ffda2658f03";
				PROVISIONING_PROFILE_SPECIFIER = "Yang____2018";
				TARGETED_DEVICE_FAMILY = "1,2";
			};
			name = Debug;
		};
		FFA7452320AD74FD0010E114 /* Release */ = {
			isa = XCBuildConfiguration;
			baseConfigurationReference = 1F8F8DF4DCFA666E58227DDF /* Pods-ToolClass.release.xcconfig */;
			buildSettings = {
				ASSETCATALOG_COMPILER_APPICON_NAME = AppIcon;
				CODE_SIGN_STYLE = Manual;
				DEVELOPMENT_TEAM = 7DT3H4SFCG;
				GCC_PRECOMPILE_PREFIX_HEADER = YES;
				GCC_PREFIX_HEADER = "$(SRCROOT)/ToolClass/ToolClass_PrefixHeader.pch";
				INFOPLIST_FILE = ToolClass/Info.plist;
				LD_RUNPATH_SEARCH_PATHS = "$(inherited) @executable_path/Frameworks";
				PRODUCT_BUNDLE_IDENTIFIER = com.MrZhang.ToolClass;
				PRODUCT_NAME = "$(TARGET_NAME)";
				PROVISIONING_PROFILE = "74f3d433-8671-416f-99cb-9ffda2658f03";
				PROVISIONING_PROFILE_SPECIFIER = "Yang____2018";
				TARGETED_DEVICE_FAMILY = "1,2";
			};
			name = Release;
		};
		FFA7452520AD74FD0010E114 /* Debug */ = {
			isa = XCBuildConfiguration;
			buildSettings = {
				BUNDLE_LOADER = "$(TEST_HOST)";
				CODE_SIGN_STYLE = Automatic;
				DEVELOPMENT_TEAM = RFS73E7983;
				INFOPLIST_FILE = ToolClassTests/Info.plist;
				LD_RUNPATH_SEARCH_PATHS = "$(inherited) @executable_path/Frameworks @loader_path/Frameworks";
				PRODUCT_BUNDLE_IDENTIFIER = com.MrZhang.ToolClassTests;
				PRODUCT_NAME = "$(TARGET_NAME)";
				TARGETED_DEVICE_FAMILY = "1,2";
				TEST_HOST = "$(BUILT_PRODUCTS_DIR)/ToolClass.app/ToolClass";
			};
			name = Debug;
		};
		FFA7452620AD74FD0010E114 /* Release */ = {
			isa = XCBuildConfiguration;
			buildSettings = {
				BUNDLE_LOADER = "$(TEST_HOST)";
				CODE_SIGN_STYLE = Automatic;
				DEVELOPMENT_TEAM = RFS73E7983;
				INFOPLIST_FILE = ToolClassTests/Info.plist;
				LD_RUNPATH_SEARCH_PATHS = "$(inherited) @executable_path/Frameworks @loader_path/Frameworks";
				PRODUCT_BUNDLE_IDENTIFIER = com.MrZhang.ToolClassTests;
				PRODUCT_NAME = "$(TARGET_NAME)";
				TARGETED_DEVICE_FAMILY = "1,2";
				TEST_HOST = "$(BUILT_PRODUCTS_DIR)/ToolClass.app/ToolClass";
			};
			name = Release;
		};
		FFA7452820AD74FD0010E114 /* Debug */ = {
			isa = XCBuildConfiguration;
			buildSettings = {
				CODE_SIGN_STYLE = Automatic;
				DEVELOPMENT_TEAM = RFS73E7983;
				INFOPLIST_FILE = ToolClassUITests/Info.plist;
				LD_RUNPATH_SEARCH_PATHS = "$(inherited) @executable_path/Frameworks @loader_path/Frameworks";
				PRODUCT_BUNDLE_IDENTIFIER = com.MrZhang.ToolClassUITests;
				PRODUCT_NAME = "$(TARGET_NAME)";
				TARGETED_DEVICE_FAMILY = "1,2";
				TEST_TARGET_NAME = ToolClass;
			};
			name = Debug;
		};
		FFA7452920AD74FD0010E114 /* Release */ = {
			isa = XCBuildConfiguration;
			buildSettings = {
				CODE_SIGN_STYLE = Automatic;
				DEVELOPMENT_TEAM = RFS73E7983;
				INFOPLIST_FILE = ToolClassUITests/Info.plist;
				LD_RUNPATH_SEARCH_PATHS = "$(inherited) @executable_path/Frameworks @loader_path/Frameworks";
				PRODUCT_BUNDLE_IDENTIFIER = com.MrZhang.ToolClassUITests;
				PRODUCT_NAME = "$(TARGET_NAME)";
				TARGETED_DEVICE_FAMILY = "1,2";
				TEST_TARGET_NAME = ToolClass;
			};
			name = Release;
		};
/* End XCBuildConfiguration section */

/* Begin XCConfigurationList section */
		FFA744F020AD74FD0010E114 /* Build configuration list for PBXProject "ToolClass" */ = {
			isa = XCConfigurationList;
			buildConfigurations = (
				FFA7451F20AD74FD0010E114 /* Debug */,
				FFA7452020AD74FD0010E114 /* Release */,
			);
			defaultConfigurationIsVisible = 0;
			defaultConfigurationName = Release;
		};
		FFA7452120AD74FD0010E114 /* Build configuration list for PBXNativeTarget "ToolClass" */ = {
			isa = XCConfigurationList;
			buildConfigurations = (
				FFA7452220AD74FD0010E114 /* Debug */,
				FFA7452320AD74FD0010E114 /* Release */,
			);
			defaultConfigurationIsVisible = 0;
			defaultConfigurationName = Release;
		};
		FFA7452420AD74FD0010E114 /* Build configuration list for PBXNativeTarget "ToolClassTests" */ = {
			isa = XCConfigurationList;
			buildConfigurations = (
				FFA7452520AD74FD0010E114 /* Debug */,
				FFA7452620AD74FD0010E114 /* Release */,
			);
			defaultConfigurationIsVisible = 0;
			defaultConfigurationName = Release;
		};
		FFA7452720AD74FD0010E114 /* Build configuration list for PBXNativeTarget "ToolClassUITests" */ = {
			isa = XCConfigurationList;
			buildConfigurations = (
				FFA7452820AD74FD0010E114 /* Debug */,
				FFA7452920AD74FD0010E114 /* Release */,
			);
			defaultConfigurationIsVisible = 0;
			defaultConfigurationName = Release;
		};
/* End XCConfigurationList section */
	};
	rootObject = FFA744ED20AD74FD0010E114 /* Project object */;
}
